// !$*UTF8*$!
{
	archiveVersion = 1;
	classes = {
	};
	objectVersion = 48;
	objects = {

/* Begin PBXBuildFile section */
		842377B91FC447D500627F2D /* math.framework in Frameworks */ = {isa = PBXBuildFile; fileRef = 842377AF1FC447D500627F2D /* math.framework */; };
		842377BE1FC447D500627F2D /* mathTests.swift in Sources */ = {isa = PBXBuildFile; fileRef = 842377BD1FC447D500627F2D /* mathTests.swift */; };
		842377C01FC447D500627F2D /* math.h in Headers */ = {isa = PBXBuildFile; fileRef = 842377B21FC447D500627F2D /* math.h */; settings = {ATTRIBUTES = (Public, ); }; };
		847655191FC44CEA00018841 /* math.swift in Sources */ = {isa = PBXBuildFile; fileRef = 847655181FC44CEA00018841 /* math.swift */; };
/* End PBXBuildFile section */

/* Begin PBXContainerItemProxy section */
		842377BA1FC447D500627F2D /* PBXContainerItemProxy */ = {
			isa = PBXContainerItemProxy;
			containerPortal = 842377A61FC447D500627F2D /* Project object */;
			proxyType = 1;
			remoteGlobalIDString = 842377AE1FC447D500627F2D;
			remoteInfo = math;
		};
/* End PBXContainerItemProxy section */

/* Begin PBXFileReference section */
		842377AF1FC447D500627F2D /* math.framework */ = {isa = PBXFileReference; explicitFileType = wrapper.framework; includeInIndex = 0; path = math.framework; sourceTree = BUILT_PRODUCTS_DIR; };
		842377B21FC447D500627F2D /* math.h */ = {isa = PBXFileReference; lastKnownFileType = sourcecode.c.h; path = math.h; sourceTree = "<group>"; };
		842377B31FC447D500627F2D /* Info.plist */ = {isa = PBXFileReference; lastKnownFileType = text.plist.xml; path = Info.plist; sourceTree = "<group>"; };
		842377B81FC447D500627F2D /* mathTests.xctest */ = {isa = PBXFileReference; explicitFileType = wrapper.cfbundle; includeInIndex = 0; path = mathTests.xctest; sourceTree = BUILT_PRODUCTS_DIR; };
		842377BD1FC447D500627F2D /* mathTests.swift */ = {isa = PBXFileReference; lastKnownFileType = sourcecode.swift; path = mathTests.swift; sourceTree = "<group>"; };
		842377BF1FC447D500627F2D /* Info.plist */ = {isa = PBXFileReference; lastKnownFileType = text.plist.xml; path = Info.plist; sourceTree = "<group>"; };
		847655181FC44CEA00018841 /* math.swift */ = {isa = PBXFileReference; lastKnownFileType = sourcecode.swift; path = math.swift; sourceTree = "<group>"; };
/* End PBXFileReference section */

/* Begin PBXFrameworksBuildPhase section */
		842377AB1FC447D500627F2D /* Frameworks */ = {
			isa = PBXFrameworksBuildPhase;
			buildActionMask = 2147483647;
			files = (
			);
			runOnlyForDeploymentPostprocessing = 0;
		};
		842377B51FC447D500627F2D /* Frameworks */ = {
			isa = PBXFrameworksBuildPhase;
			buildActionMask = 2147483647;
			files = (
				842377B91FC447D500627F2D /* math.framework in Frameworks */,
			);
			runOnlyForDeploymentPostprocessing = 0;
		};
/* End PBXFrameworksBuildPhase section */

/* Begin PBXGroup section */
		842377A51FC447D500627F2D = {
			isa = PBXGroup;
			children = (
				842377B11FC447D500627F2D /* math */,
				842377BC1FC447D500627F2D /* mathTests */,
				842377B01FC447D500627F2D /* Products */,
			);
			sourceTree = "<group>";
		};
		842377B01FC447D500627F2D /* Products */ = {
			isa = PBXGroup;
			children = (
				842377AF1FC447D500627F2D /* math.framework */,
				842377B81FC447D500627F2D /* mathTests.xctest */,
			);
			name = Products;
			sourceTree = "<group>";
		};
		842377B11FC447D500627F2D /* math */ = {
			isa = PBXGroup;
			children = (
				842377B21FC447D500627F2D /* math.h */,
				847655181FC44CEA00018841 /* math.swift */,
				842377B31FC447D500627F2D /* Info.plist */,
			);
			path = math;
			sourceTree = "<group>";
		};
		842377BC1FC447D500627F2D /* mathTests */ = {
			isa = PBXGroup;
			children = (
				842377BD1FC447D500627F2D /* mathTests.swift */,
				842377BF1FC447D500627F2D /* Info.plist */,
			);
			path = mathTests;
			sourceTree = "<group>";
		};
/* End PBXGroup section */

/* Begin PBXHeadersBuildPhase section */
		842377AC1FC447D500627F2D /* Headers */ = {
			isa = PBXHeadersBuildPhase;
			buildActionMask = 2147483647;
			files = (
				842377C01FC447D500627F2D /* math.h in Headers */,
			);
			runOnlyForDeploymentPostprocessing = 0;
		};
/* End PBXHeadersBuildPhase section */

/* Begin PBXNativeTarget section */
		842377AE1FC447D500627F2D /* math */ = {
			isa = PBXNativeTarget;
			buildConfigurationList = 842377C31FC447D500627F2D /* Build configuration list for PBXNativeTarget "math" */;
			buildPhases = (
				842377AA1FC447D500627F2D /* Sources */,
				842377AB1FC447D500627F2D /* Frameworks */,
				842377AC1FC447D500627F2D /* Headers */,
				842377AD1FC447D500627F2D /* Resources */,
			);
			buildRules = (
			);
			dependencies = (
			);
			name = math;
			productName = math;
			productReference = 842377AF1FC447D500627F2D /* math.framework */;
			productType = "com.apple.product-type.framework";
		};
		842377B71FC447D500627F2D /* mathTests */ = {
			isa = PBXNativeTarget;
			buildConfigurationList = 842377C61FC447D500627F2D /* Build configuration list for PBXNativeTarget "mathTests" */;
			buildPhases = (
				842377B41FC447D500627F2D /* Sources */,
				842377B51FC447D500627F2D /* Frameworks */,
				842377B61FC447D500627F2D /* Resources */,
			);
			buildRules = (
			);
			dependencies = (
				842377BB1FC447D500627F2D /* PBXTargetDependency */,
			);
			name = mathTests;
			productName = mathTests;
			productReference = 842377B81FC447D500627F2D /* mathTests.xctest */;
			productType = "com.apple.product-type.bundle.unit-test";
		};
/* End PBXNativeTarget section */

/* Begin PBXProject section */
		842377A61FC447D500627F2D /* Project object */ = {
			isa = PBXProject;
			attributes = {
				LastSwiftUpdateCheck = 0910;
				LastUpgradeCheck = 0910;
				ORGANIZATIONNAME = Admin;
				TargetAttributes = {
					842377AE1FC447D500627F2D = {
						CreatedOnToolsVersion = 9.1;
						LastSwiftMigration = 0910;
						ProvisioningStyle = Automatic;
					};
					842377B71FC447D500627F2D = {
						CreatedOnToolsVersion = 9.1;
						ProvisioningStyle = Automatic;
					};
				};
			};
			buildConfigurationList = 842377A91FC447D500627F2D /* Build configuration list for PBXProject "math" */;
			compatibilityVersion = "Xcode 8.0";
			developmentRegion = en;
			hasScannedForEncodings = 0;
			knownRegions = (
				en,
			);
			mainGroup = 842377A51FC447D500627F2D;
			productRefGroup = 842377B01FC447D500627F2D /* Products */;
			projectDirPath = "";
			projectRoot = "";
			targets = (
				842377AE1FC447D500627F2D /* math */,
				842377B71FC447D500627F2D /* mathTests */,
			);
		};
/* End PBXProject section */

/* Begin PBXResourcesBuildPhase section */
		842377AD1FC447D500627F2D /* Resources */ = {
			isa = PBXResourcesBuildPhase;
			buildActionMask = 2147483647;
			files = (
			);
			runOnlyForDeploymentPostprocessing = 0;
		};
		842377B61FC447D500627F2D /* Resources */ = {
			isa = PBXResourcesBuildPhase;
			buildActionMask = 2147483647;
			files = (
			);
			runOnlyForDeploymentPostprocessing = 0;
		};
/* End PBXResourcesBuildPhase section */

/* Begin PBXSourcesBuildPhase section */
		842377AA1FC447D500627F2D /* Sources */ = {
			isa = PBXSourcesBuildPhase;
			buildActionMask = 2147483647;
			files = (
				847655191FC44CEA00018841 /* math.swift in Sources */,
			);
			runOnlyForDeploymentPostprocessing = 0;
		};
		842377B41FC447D500627F2D /* Sources */ = {
			isa = PBXSourcesBuildPhase;
			buildActionMask = 2147483647;
			files = (
				842377BE1FC447D500627F2D /* mathTests.swift in Sources */,
			);
			runOnlyForDeploymentPostprocessing = 0;
		};
/* End PBXSourcesBuildPhase section */

/* Begin PBXTargetDependency section */
		842377BB1FC447D500627F2D /* PBXTargetDependency */ = {
			isa = PBXTargetDependency;
			target = 842377AE1FC447D500627F2D /* math */;
			targetProxy = 842377BA1FC447D500627F2D /* PBXContainerItemProxy */;
		};
/* End PBXTargetDependency section */

/* Begin XCBuildConfiguration section */
		842377C11FC447D500627F2D /* Debug */ = {
			isa = XCBuildConfiguration;
			buildSettings = {
				ALWAYS_SEARCH_USER_PATHS = NO;
				CLANG_ANALYZER_NONNULL = YES;
				CLANG_ANALYZER_NUMBER_OBJECT_CONVERSION = YES_AGGRESSIVE;
				CLANG_CXX_LANGUAGE_STANDARD = "gnu++14";
				CLANG_CXX_LIBRARY = "libc++";
				CLANG_ENABLE_MODULES = YES;
				CLANG_ENABLE_OBJC_ARC = YES;
				CLANG_WARN_BLOCK_CAPTURE_AUTORELEASING = YES;
				CLANG_WARN_BOOL_CONVERSION = YES;
				CLANG_WARN_COMMA = YES;
				CLANG_WARN_CONSTANT_CONVERSION = YES;
				CLANG_WARN_DIRECT_OBJC_ISA_USAGE = YES_ERROR;
				CLANG_WARN_DOCUMENTATION_COMMENTS = YES;
				CLANG_WARN_EMPTY_BODY = YES;
				CLANG_WARN_ENUM_CONVERSION = YES;
				CLANG_WARN_INFINITE_RECURSION = YES;
				CLANG_WARN_INT_CONVERSION = YES;
				CLANG_WARN_NON_LITERAL_NULL_CONVERSION = YES;
				CLANG_WARN_OBJC_LITERAL_CONVERSION = YES;
				CLANG_WARN_OBJC_ROOT_CLASS = YES_ERROR;
				CLANG_WARN_RANGE_LOOP_ANALYSIS = YES;
				CLANG_WARN_STRICT_PROTOTYPES = YES;
				CLANG_WARN_SUSPICIOUS_MOVE = YES;
				CLANG_WARN_UNGUARDED_AVAILABILITY = YES_AGGRESSIVE;
				CLANG_WARN_UNREACHABLE_CODE = YES;
				CLANG_WARN__DUPLICATE_METHOD_MATCH = YES;
				CODE_SIGN_IDENTITY = "iPhone Developer";
				COPY_PHASE_STRIP = NO;
				CURRENT_PROJECT_VERSION = 1;
				DEBUG_INFORMATION_FORMAT = dwarf;
				ENABLE_STRICT_OBJC_MSGSEND = YES;
				ENABLE_TESTABILITY = YES;
				GCC_C_LANGUAGE_STANDARD = gnu11;
				GCC_DYNAMIC_NO_PIC = NO;
				GCC_NO_COMMON_BLOCKS = YES;
				GCC_OPTIMIZATION_LEVEL = 0;
				GCC_PREPROCESSOR_DEFINITIONS = (
					"DEBUG=1",
					"$(inherited)",
				);
				GCC_WARN_64_TO_32_BIT_CONVERSION = YES;
				GCC_WARN_ABOUT_RETURN_TYPE = YES_ERROR;
				GCC_WARN_UNDECLARED_SELECTOR = YES;
				GCC_WARN_UNINITIALIZED_AUTOS = YES_AGGRESSIVE;
				GCC_WARN_UNUSED_FUNCTION = YES;
				GCC_WARN_UNUSED_VARIABLE = YES;
				IPHONEOS_DEPLOYMENT_TARGET = 11.1;
				MTL_ENABLE_DEBUG_INFO = YES;
				ONLY_ACTIVE_ARCH = YES;
				SDKROOT = iphoneos;
				SWIFT_ACTIVE_COMPILATION_CONDITIONS = DEBUG;
				SWIFT_OPTIMIZATION_LEVEL = "-Onone";
				VERSIONING_SYSTEM = "apple-generic";
				VERSION_INFO_PREFIX = "";
			};
			name = Debug;
		};
		842377C21FC447D500627F2D /* Release */ = {
			isa = XCBuildConfiguration;
			buildSettings = {
				ALWAYS_SEARCH_USER_PATHS = NO;
				CLANG_ANALYZER_NONNULL = YES;
				CLANG_ANALYZER_NUMBER_OBJECT_CONVERSION = YES_AGGRESSIVE;
				CLANG_CXX_LANGUAGE_STANDARD = "gnu++14";
				CLANG_CXX_LIBRARY = "libc++";
				CLANG_ENABLE_MODULES = YES;
				CLANG_ENABLE_OBJC_ARC = YES;
				CLANG_WARN_BLOCK_CAPTURE_AUTORELEASING = YES;
				CLANG_WARN_BOOL_CONVERSION = YES;
				CLANG_WARN_COMMA = YES;
				CLANG_WARN_CONSTANT_CONVERSION = YES;
				CLANG_WARN_DIRECT_OBJC_ISA_USAGE = YES_ERROR;
				CLANG_WARN_DOCUMENTATION_COMMENTS = YES;
				CLANG_WARN_EMPTY_BODY = YES;
				CLANG_WARN_ENUM_CONVERSION = YES;
				CLANG_WARN_INFINITE_RECURSION = YES;
				CLANG_WARN_INT_CONVERSION = YES;
				CLANG_WARN_NON_LITERAL_NULL_CONVERSION = YES;
				CLANG_WARN_OBJC_LITERAL_CONVERSION = YES;
				CLANG_WARN_OBJC_ROOT_CLASS = YES_ERROR;
				CLANG_WARN_RANGE_LOOP_ANALYSIS = YES;
				CLANG_WARN_STRICT_PROTOTYPES = YES;
				CLANG_WARN_SUSPICIOUS_MOVE = YES;
				CLANG_WARN_UNGUARDED_AVAILABILITY = YES_AGGRESSIVE;
				CLANG_WARN_UNREACHABLE_CODE = YES;
				CLANG_WARN__DUPLICATE_METHOD_MATCH = YES;
				CODE_SIGN_IDENTITY = "iPhone Developer";
				COPY_PHASE_STRIP = NO;
				CURRENT_PROJECT_VERSION = 1;
				DEBUG_INFORMATION_FORMAT = "dwarf-with-dsym";
				ENABLE_NS_ASSERTIONS = NO;
				ENABLE_STRICT_OBJC_MSGSEND = YES;
				GCC_C_LANGUAGE_STANDARD = gnu11;
				GCC_NO_COMMON_BLOCKS = YES;
				GCC_WARN_64_TO_32_BIT_CONVERSION = YES;
				GCC_WARN_ABOUT_RETURN_TYPE = YES_ERROR;
				GCC_WARN_UNDECLARED_SELECTOR = YES;
				GCC_WARN_UNINITIALIZED_AUTOS = YES_AGGRESSIVE;
				GCC_WARN_UNUSED_FUNCTION = YES;
				GCC_WARN_UNUSED_VARIABLE = YES;
				IPHONEOS_DEPLOYMENT_TARGET = 11.1;
				MTL_ENABLE_DEBUG_INFO = NO;
				SDKROOT = iphoneos;
				SWIFT_OPTIMIZATION_LEVEL = "-Owholemodule";
				VALIDATE_PRODUCT = YES;
				VERSIONING_SYSTEM = "apple-generic";
				VERSION_INFO_PREFIX = "";
			};
			name = Release;
		};
		842377C41FC447D500627F2D /* Debug */ = {
			isa = XCBuildConfiguration;
			buildSettings = {
				CLANG_ENABLE_MODULES = YES;
				CODE_SIGN_IDENTITY = "";
				CODE_SIGN_STYLE = Automatic;
				DEFINES_MODULE = YES;
				DYLIB_COMPATIBILITY_VERSION = 1;
				DYLIB_CURRENT_VERSION = 1;
				DYLIB_INSTALL_NAME_BASE = "@rpath";
				INFOPLIST_FILE = math/Info.plist;
				INSTALL_PATH = "$(LOCAL_LIBRARY_DIR)/Frameworks";
				LD_RUNPATH_SEARCH_PATHS = "$(inherited) @executable_path/Frameworks @loader_path/Frameworks";
				PRODUCT_BUNDLE_IDENTIFIER = com.rusel95.math;
				PRODUCT_NAME = "$(TARGET_NAME:c99extidentifier)";
				SKIP_INSTALL = YES;
				SWIFT_OPTIMIZATION_LEVEL = "-Onone";
				SWIFT_VERSION = 4.0;
				TARGETED_DEVICE_FAMILY = "1,2";
			};
			name = Debug;
		};
		842377C51FC447D500627F2D /* Release */ = {
			isa = XCBuildConfiguration;
			buildSettings = {
				CLANG_ENABLE_MODULES = YES;
				CODE_SIGN_IDENTITY = "";
				CODE_SIGN_STYLE = Automatic;
				DEFINES_MODULE = YES;
				DYLIB_COMPATIBILITY_VERSION = 1;
				DYLIB_CURRENT_VERSION = 1;
				DYLIB_INSTALL_NAME_BASE = "@rpath";
				INFOPLIST_FILE = math/Info.plist;
				INSTALL_PATH = "$(LOCAL_LIBRARY_DIR)/Frameworks";
				LD_RUNPATH_SEARCH_PATHS = "$(inherited) @executable_path/Frameworks @loader_path/Frameworks";
				PRODUCT_BUNDLE_IDENTIFIER = com.rusel95.math;
				PRODUCT_NAME = "$(TARGET_NAME:c99extidentifier)";
				SKIP_INSTALL = YES;
				SWIFT_VERSION = 4.0;
				TARGETED_DEVICE_FAMILY = "1,2";
			};
			name = Release;
		};
		842377C71FC447D500627F2D /* Debug */ = {
			isa = XCBuildConfiguration;
			buildSettings = {
				ALWAYS_EMBED_SWIFT_STANDARD_LIBRARIES = YES;
				CODE_SIGN_STYLE = Automatic;
				INFOPLIST_FILE = mathTests/Info.plist;
				LD_RUNPATH_SEARCH_PATHS = "$(inherited) @executable_path/Frameworks @loader_path/Frameworks";
				PRODUCT_BUNDLE_IDENTIFIER = com.rusel95.mathTests;
				PRODUCT_NAME = "$(TARGET_NAME)";
				SWIFT_VERSION = 4.0;
				TARGETED_DEVICE_FAMILY = "1,2";
			};
			name = Debug;
		};
		842377C81FC447D500627F2D /* Release */ = {
			isa = XCBuildConfiguration;
			buildSettings = {
				ALWAYS_EMBED_SWIFT_STANDARD_LIBRARIES = YES;
				CODE_SIGN_STYLE = Automatic;
				INFOPLIST_FILE = mathTests/Info.plist;
				LD_RUNPATH_SEARCH_PATHS = "$(inherited) @executable_path/Frameworks @loader_path/Frameworks";
				PRODUCT_BUNDLE_IDENTIFIER = com.rusel95.mathTests;
				PRODUCT_NAME = "$(TARGET_NAME)";
				SWIFT_VERSION = 4.0;
				TARGETED_DEVICE_FAMILY = "1,2";
			};
			name = Release;
		};
/* End XCBuildConfiguration section */

/* Begin XCConfigurationList section */
		842377A91FC447D500627F2D /* Build configuration list for PBXProject "math" */ = {
			isa = XCConfigurationList;
			buildConfigurations = (
				842377C11FC447D500627F2D /* Debug */,
				842377C21FC447D500627F2D /* Release */,
			);
			defaultConfigurationIsVisible = 0;
			defaultConfigurationName = Release;
		};
		842377C31FC447D500627F2D /* Build configuration list for PBXNativeTarget "math" */ = {
			isa = XCConfigurationList;
			buildConfigurations = (
				842377C41FC447D500627F2D /* Debug */,
				842377C51FC447D500627F2D /* Release */,
			);
			defaultConfigurationIsVisible = 0;
			defaultConfigurationName = Release;
		};
		842377C61FC447D500627F2D /* Build configuration list for PBXNativeTarget "mathTests" */ = {
			isa = XCConfigurationList;
			buildConfigurations = (
				842377C71FC447D500627F2D /* Debug */,
				842377C81FC447D500627F2D /* Release */,
			);
			defaultConfigurationIsVisible = 0;
			defaultConfigurationName = Release;
		};
/* End XCConfigurationList section */
	};
	rootObject = 842377A61FC447D500627F2D /* Project object */;
}
